// !$*UTF8*$!
{
	archiveVersion = 1;
	classes = {
	};
	objectVersion = 46;
	objects = {

/* Begin PBXBuildFile section */
		A93CD5AA1BFB2E1B00AC43AE /* AppDelegate.m in Sources */ = {isa = PBXBuildFile; fileRef = A93CD59D1BFB2E1B00AC43AE /* AppDelegate.m */; };
		A93CD5AB1BFB2E1B00AC43AE /* Assets.xcassets in Resources */ = {isa = PBXBuildFile; fileRef = A93CD59E1BFB2E1B00AC43AE /* Assets.xcassets */; };
		A93CD5AC1BFB2E1B00AC43AE /* LaunchScreen.storyboard in Resources */ = {isa = PBXBuildFile; fileRef = A93CD59F1BFB2E1B00AC43AE /* LaunchScreen.storyboard */; };
		A93CD5AD1BFB2E1B00AC43AE /* Main.storyboard in Resources */ = {isa = PBXBuildFile; fileRef = A93CD5A11BFB2E1B00AC43AE /* Main.storyboard */; };
		A93CD5AE1BFB2E1B00AC43AE /* Info.plist in Resources */ = {isa = PBXBuildFile; fileRef = A93CD5A31BFB2E1B00AC43AE /* Info.plist */; };
		A93CD5AF1BFB2E1B00AC43AE /* main.m in Sources */ = {isa = PBXBuildFile; fileRef = A93CD5A41BFB2E1B00AC43AE /* main.m */; };
		A93CD5B01BFB2E1B00AC43AE /* ViewController.m in Sources */ = {isa = PBXBuildFile; fileRef = A93CD5A61BFB2E1B00AC43AE /* ViewController.m */; };
		A93CD5B11BFB2E1B00AC43AE /* XCActivityViewCell.m in Sources */ = {isa = PBXBuildFile; fileRef = A93CD5A81BFB2E1B00AC43AE /* XCActivityViewCell.m */; };
		A93CD5B21BFB2E1B00AC43AE /* XCActivityViewCell.xib in Resources */ = {isa = PBXBuildFile; fileRef = A93CD5A91BFB2E1B00AC43AE /* XCActivityViewCell.xib */; };
/* End PBXBuildFile section */

/* Begin PBXFileReference section */
		A93CD59C1BFB2E1B00AC43AE /* AppDelegate.h */ = {isa = PBXFileReference; fileEncoding = 4; lastKnownFileType = sourcecode.c.h; path = AppDelegate.h; sourceTree = "<group>"; };
		A93CD59D1BFB2E1B00AC43AE /* AppDelegate.m */ = {isa = PBXFileReference; fileEncoding = 4; lastKnownFileType = sourcecode.c.objc; path = AppDelegate.m; sourceTree = "<group>"; };
		A93CD59E1BFB2E1B00AC43AE /* Assets.xcassets */ = {isa = PBXFileReference; lastKnownFileType = folder.assetcatalog; path = Assets.xcassets; sourceTree = "<group>"; };
		A93CD5A01BFB2E1B00AC43AE /* Base */ = {isa = PBXFileReference; lastKnownFileType = file.storyboard; name = Base; path = Base.lproj/LaunchScreen.storyboard; sourceTree = "<group>"; };
		A93CD5A21BFB2E1B00AC43AE /* Base */ = {isa = PBXFileReference; lastKnownFileType = file.storyboard; name = Base; path = Base.lproj/Main.storyboard; sourceTree = "<group>"; };
		A93CD5A31BFB2E1B00AC43AE /* Info.plist */ = {isa = PBXFileReference; fileEncoding = 4; lastKnownFileType = text.plist.xml; path = Info.plist; sourceTree = "<group>"; };
		A93CD5A41BFB2E1B00AC43AE /* main.m */ = {isa = PBXFileReference; fileEncoding = 4; lastKnownFileType = sourcecode.c.objc; path = main.m; sourceTree = "<group>"; };
		A93CD5A51BFB2E1B00AC43AE /* ViewController.h */ = {isa = PBXFileReference; fileEncoding = 4; lastKnownFileType = sourcecode.c.h; path = ViewController.h; sourceTree = "<group>"; };
		A93CD5A61BFB2E1B00AC43AE /* ViewController.m */ = {isa = PBXFileReference; fileEncoding = 4; lastKnownFileType = sourcecode.c.objc; path = ViewController.m; sourceTree = "<group>"; };
		A93CD5A71BFB2E1B00AC43AE /* XCActivityViewCell.h */ = {isa = PBXFileReference; fileEncoding = 4; lastKnownFileType = sourcecode.c.h; path = XCActivityViewCell.h; sourceTree = "<group>"; };
		A93CD5A81BFB2E1B00AC43AE /* XCActivityViewCell.m */ = {isa = PBXFileReference; fileEncoding = 4; lastKnownFileType = sourcecode.c.objc; path = XCActivityViewCell.m; sourceTree = "<group>"; };
		A93CD5A91BFB2E1B00AC43AE /* XCActivityViewCell.xib */ = {isa = PBXFileReference; fileEncoding = 4; lastKnownFileType = file.xib; path = XCActivityViewCell.xib; sourceTree = "<group>"; };
		A93EE8391BFB00AE0068E6CA /* UITableViewStaticRefreshTopDemo.app */ = {isa = PBXFileReference; explicitFileType = wrapper.application; includeInIndex = 0; path = UITableViewStaticRefreshTopDemo.app; sourceTree = BUILT_PRODUCTS_DIR; };
/* End PBXFileReference section */

/* Begin PBXFrameworksBuildPhase section */
		A93EE8361BFB00AE0068E6CA /* Frameworks */ = {
			isa = PBXFrameworksBuildPhase;
			buildActionMask = 2147483647;
			files = (
			);
			runOnlyForDeploymentPostprocessing = 0;
		};
/* End PBXFrameworksBuildPhase section */

/* Begin PBXGroup section */
		A93CD59B1BFB2E1B00AC43AE /* UITableViewStaticRefreshTopDemo */ = {
			isa = PBXGroup;
			children = (
				A93CD59C1BFB2E1B00AC43AE /* AppDelegate.h */,
				A93CD59D1BFB2E1B00AC43AE /* AppDelegate.m */,
				A93CD59E1BFB2E1B00AC43AE /* Assets.xcassets */,
				A93CD59F1BFB2E1B00AC43AE /* LaunchScreen.storyboard */,
				A93CD5A11BFB2E1B00AC43AE /* Main.storyboard */,
				A93CD5A31BFB2E1B00AC43AE /* Info.plist */,
				A93CD5A41BFB2E1B00AC43AE /* main.m */,
				A93CD5A51BFB2E1B00AC43AE /* ViewController.h */,
				A93CD5A61BFB2E1B00AC43AE /* ViewController.m */,
				A93CD5A71BFB2E1B00AC43AE /* XCActivityViewCell.h */,
				A93CD5A81BFB2E1B00AC43AE /* XCActivityViewCell.m */,
				A93CD5A91BFB2E1B00AC43AE /* XCActivityViewCell.xib */,
			);
			path = UITableViewStaticRefreshTopDemo;
			sourceTree = "<group>";
		};
		A93EE8301BFB00AE0068E6CA = {
			isa = PBXGroup;
			children = (
				A93CD59B1BFB2E1B00AC43AE /* UITableViewStaticRefreshTopDemo */,
				A93EE83A1BFB00AE0068E6CA /* Products */,
			);
			sourceTree = "<group>";
		};
		A93EE83A1BFB00AE0068E6CA /* Products */ = {
			isa = PBXGroup;
			children = (
				A93EE8391BFB00AE0068E6CA /* UITableViewStaticRefreshTopDemo.app */,
			);
			name = Products;
			sourceTree = "<group>";
		};
/* End PBXGroup section */

/* Begin PBXNativeTarget section */
		A93EE8381BFB00AE0068E6CA /* UITableViewStaticRefreshTopDemo */ = {
			isa = PBXNativeTarget;
			buildConfigurationList = A93EE8501BFB00AE0068E6CA /* Build configuration list for PBXNativeTarget "UITableViewStaticRefreshTopDemo" */;
			buildPhases = (
				A93EE8351BFB00AE0068E6CA /* Sources */,
				A93EE8361BFB00AE0068E6CA /* Frameworks */,
				A93EE8371BFB00AE0068E6CA /* Resources */,
			);
			buildRules = (
			);
			dependencies = (
			);
			name = UITableViewStaticRefreshTopDemo;
			productName = UIRefreshControlDemo;
			productReference = A93EE8391BFB00AE0068E6CA /* UITableViewStaticRefreshTopDemo.app */;
			productType = "com.apple.product-type.application";
		};
/* End PBXNativeTarget section */

/* Begin PBXProject section */
		A93EE8311BFB00AE0068E6CA /* Project object */ = {
			isa = PBXProject;
			attributes = {
				LastUpgradeCheck = 0710;
				ORGANIZATIONNAME = XQ;
				TargetAttributes = {
					A93EE8381BFB00AE0068E6CA = {
						CreatedOnToolsVersion = 7.1;
					};
				};
			};
			buildConfigurationList = A93EE8341BFB00AE0068E6CA /* Build configuration list for PBXProject "UITableViewStaticRefreshTopDemo" */;
			compatibilityVersion = "Xcode 3.2";
			developmentRegion = English;
			hasScannedForEncodings = 0;
			knownRegions = (
				en,
				Base,
			);
			mainGroup = A93EE8301BFB00AE0068E6CA;
			productRefGroup = A93EE83A1BFB00AE0068E6CA /* Products */;
			projectDirPath = "";
			projectRoot = "";
			targets = (
				A93EE8381BFB00AE0068E6CA /* UITableViewStaticRefreshTopDemo */,
			);
		};
/* End PBXProject section */

/* Begin PBXResourcesBuildPhase section */
		A93EE8371BFB00AE0068E6CA /* Resources */ = {
			isa = PBXResourcesBuildPhase;
			buildActionMask = 2147483647;
			files = (
				A93CD5B21BFB2E1B00AC43AE /* XCActivityViewCell.xib in Resources */,
				A93CD5AE1BFB2E1B00AC43AE /* Info.plist in Resources */,
				A93CD5AD1BFB2E1B00AC43AE /* Main.storyboard in Resources */,
				A93CD5AB1BFB2E1B00AC43AE /* Assets.xcassets in Resources */,
				A93CD5AC1BFB2E1B00AC43AE /* LaunchScreen.storyboard in Resources */,
			);
			runOnlyForDeploymentPostprocessing = 0;
		};
/* End PBXResourcesBuildPhase section */

/* Begin PBXSourcesBuildPhase section */
		A93EE8351BFB00AE0068E6CA /* Sources */ = {
			isa = PBXSourcesBuildPhase;
			buildActionMask = 2147483647;
			files = (
				A93CD5B01BFB2E1B00AC43AE /* ViewController.m in Sources */,
				A93CD5AF1BFB2E1B00AC43AE /* main.m in Sources */,
				A93CD5B11BFB2E1B00AC43AE /* XCActivityViewCell.m in Sources */,
				A93CD5AA1BFB2E1B00AC43AE /* AppDelegate.m in Sources */,
			);
			runOnlyForDeploymentPostprocessing = 0;
		};
/* End PBXSourcesBuildPhase section */

/* Begin PBXVariantGroup section */
		A93CD59F1BFB2E1B00AC43AE /* LaunchScreen.storyboard */ = {
			isa = PBXVariantGroup;
			children = (
				A93CD5A01BFB2E1B00AC43AE /* Base */,
			);
			name = LaunchScreen.storyboard;
			sourceTree = "<group>";
		};
		A93CD5A11BFB2E1B00AC43AE /* Main.storyboard */ = {
			isa = PBXVariantGroup;
			children = (
				A93CD5A21BFB2E1B00AC43AE /* Base */,
			);
			name = Main.storyboard;
			sourceTree = "<group>";
		};
/* End PBXVariantGroup section */

/* Begin XCBuildConfiguration section */
		A93EE84E1BFB00AE0068E6CA /* Debug */ = {
			isa = XCBuildConfiguration;
			buildSettings = {
				ALWAYS_SEARCH_USER_PATHS = NO;
				CLANG_CXX_LANGUAGE_STANDARD = "gnu++0x";
				CLANG_CXX_LIBRARY = "libc++";
				CLANG_ENABLE_MODULES = YES;
				CLANG_ENABLE_OBJC_ARC = YES;
				CLANG_WARN_BOOL_CONVERSION = YES;
				CLANG_WARN_CONSTANT_CONVERSION = YES;
				CLANG_WARN_DIRECT_OBJC_ISA_USAGE = YES_ERROR;
				CLANG_WARN_EMPTY_BODY = YES;
				CLANG_WARN_ENUM_CONVERSION = YES;
				CLANG_WARN_INT_CONVERSION = YES;
				CLANG_WARN_OBJC_ROOT_CLASS = YES_ERROR;
				CLANG_WARN_UNREACHABLE_CODE = YES;
				CLANG_WARN__DUPLICATE_METHOD_MATCH = YES;
				"CODE_SIGN_IDENTITY[sdk=iphoneos*]" = "iPhone Developer";
				COPY_PHASE_STRIP = NO;
				DEBUG_INFORMATION_FORMAT = dwarf;
				ENABLE_STRICT_OBJC_MSGSEND = YES;
				ENABLE_TESTABILITY = YES;
				GCC_C_LANGUAGE_STANDARD = gnu99;
				GCC_DYNAMIC_NO_PIC = NO;
				GCC_NO_COMMON_BLOCKS = YES;
				GCC_OPTIMIZATION_LEVEL = 0;
				GCC_PREPROCESSOR_DEFINITIONS = (
					"DEBUG=1",
					"$(inherited)",
				);
				GCC_WARN_64_TO_32_BIT_CONVERSION = YES;
				GCC_WARN_ABOUT_RETURN_TYPE = YES_ERROR;
				GCC_WARN_UNDECLARED_SELECTOR = YES;
				GCC_WARN_UNINITIALIZED_AUTOS = YES_AGGRESSIVE;
				GCC_WARN_UNUSED_FUNCTION = YES;
				GCC_WARN_UNUSED_VARIABLE = YES;
				IPHONEOS_DEPLOYMENT_TARGET = 9.1;
				MTL_ENABLE_DEBUG_INFO = YES;
				ONLY_ACTIVE_ARCH = YES;
				SDKROOT = iphoneos;
			};
			name = Debug;
		};
		A93EE84F1BFB00AE0068E6CA /* Release */ = {
			isa = XCBuildConfiguration;
			buildSettings = {
				ALWAYS_SEARCH_USER_PATHS = NO;
				CLANG_CXX_LANGUAGE_STANDARD = "gnu++0x";
				CLANG_CXX_LIBRARY = "libc++";
				CLANG_ENABLE_MODULES = YES;
				CLANG_ENABLE_OBJC_ARC = YES;
				CLANG_WARN_BOOL_CONVERSION = YES;
				CLANG_WARN_CONSTANT_CONVERSION = YES;
				CLANG_WARN_DIRECT_OBJC_ISA_USAGE = YES_ERROR;
				CLANG_WARN_EMPTY_BODY = YES;
				CLANG_WARN_ENUM_CONVERSION = YES;
				CLANG_WARN_INT_CONVERSION = YES;
				CLANG_WARN_OBJC_ROOT_CLASS = YES_ERROR;
				CLANG_WARN_UNREACHABLE_CODE = YES;
				CLANG_WARN__DUPLICATE_METHOD_MATCH = YES;
				"CODE_SIGN_IDENTITY[sdk=iphoneos*]" = "iPhone Developer";
				COPY_PHASE_STRIP = NO;
				DEBUG_INFORMATION_FORMAT = "dwarf-with-dsym";
				ENABLE_NS_ASSERTIONS = NO;
				ENABLE_STRICT_OBJC_MSGSEND = YES;
				GCC_C_LANGUAGE_STANDARD = gnu99;
				GCC_NO_COMMON_BLOCKS = YES;
				GCC_WARN_64_TO_32_BIT_CONVERSION = YES;
				GCC_WARN_ABOUT_RETURN_TYPE = YES_ERROR;
				GCC_WARN_UNDECLARED_SELECTOR = YES;
				GCC_WARN_UNINITIALIZED_AUTOS = YES_AGGRESSIVE;
				GCC_WARN_UNUSED_FUNCTION = YES;
				GCC_WARN_UNUSED_VARIABLE = YES;
				IPHONEOS_DEPLOYMENT_TARGET = 9.1;
				MTL_ENABLE_DEBUG_INFO = NO;
				SDKROOT = iphoneos;
				VALIDATE_PRODUCT = YES;
			};
			name = Release;
		};
		A93EE8511BFB00AE0068E6CA /* Debug */ = {
			isa = XCBuildConfiguration;
			buildSettings = {
				ASSETCATALOG_COMPILER_APPICON_NAME = AppIcon;
				INFOPLIST_FILE = UITableViewStaticRefreshTopDemo/Info.plist;
				LD_RUNPATH_SEARCH_PATHS = "$(inherited) @executable_path/Frameworks";
				PRODUCT_BUNDLE_IDENTIFIER = XQ.UITableViewStaticRefreshTopDemo;
				PRODUCT_NAME = UITableViewStaticRefreshTopDemo;
			};
			name = Debug;
		};
		A93EE8521BFB00AE0068E6CA /* Release */ = {
			isa = XCBuildConfiguration;
			buildSettings = {
				ASSETCATALOG_COMPILER_APPICON_NAME = AppIcon;
				INFOPLIST_FILE = UITableViewStaticRefreshTopDemo/Info.plist;
				LD_RUNPATH_SEARCH_PATHS = "$(inherited) @executable_path/Frameworks";
				PRODUCT_BUNDLE_IDENTIFIER = XQ.UITableViewStaticRefreshTopDemo;
				PRODUCT_NAME = UITableViewStaticRefreshTopDemo;
			};
			name = Release;
		};
/* End XCBuildConfiguration section */

/* Begin XCConfigurationList section */
		A93EE8341BFB00AE0068E6CA /* Build configuration list for PBXProject "UITableViewStaticRefreshTopDemo" */ = {
			isa = XCConfigurationList;
			buildConfigurations = (
				A93EE84E1BFB00AE0068E6CA /* Debug */,
				A93EE84F1BFB00AE0068E6CA /* Release */,
			);
			defaultConfigurationIsVisible = 0;
			defaultConfigurationName = Release;
		};
		A93EE8501BFB00AE0068E6CA /* Build configuration list for PBXNativeTarget "UITableViewStaticRefreshTopDemo" */ = {
			isa = XCConfigurationList;
			buildConfigurations = (
				A93EE8511BFB00AE0068E6CA /* Debug */,
				A93EE8521BFB00AE0068E6CA /* Release */,
			);
			defaultConfigurationIsVisible = 0;
			defaultConfigurationName = Release;
		};
/* End XCConfigurationList section */
	};
	rootObject = A93EE8311BFB00AE0068E6CA /* Project object */;
}
